#MicroXplorer Configuration settings - do not modify
Mcu.Family=STM32F1
PA11.GPIO_Speed=GPIO_SPEED_FREQ_MEDIUM
ProjectManager.MainLocation=Core/Src
RCC.MCOFreq_Value=32000000
PB13.GPIOParameters=GPIO_Speed,GPIO_Label
PA6.Mode=Full_Duplex_Master
FREERTOS.BinarySemaphores01=inDataReadySem,Static,inDataReadySemControlBlock;adcConvReadySem,Static,adcConvReadySemControlBlock
FREERTOS.INCLUDE_xTaskGetSchedulerState=0
TIM2.OCFastMode_PWM-PWM\ Generation1\ CH1=TIM_OCFAST_DISABLE
ProjectManager.KeepUserCode=true
Mcu.UserName=STM32F103C8Tx
SPI1.VirtualType=VM_MASTER
TIM1.IPParameters=Prescaler,Period,Channel-PWM Generation1 CH1,Channel-PWM Generation2 CH2,OC1Preload_PWM,OCFastMode_PWM-PWM Generation1 CH1,OCFastMode_PWM-PWM Generation2 CH2,OC2Preload_PWM
USART1.BaudRate=9600
RCC.PLLCLKFreq_Value=32000000
PC13-TAMPER-RTC.GPIOParameters=GPIO_Label
PB14.GPIO_Label=MOTOR_L1
PA12.GPIOParameters=GPIO_Speed,PinState,GPIO_Label,GPIO_ModeDefaultOutputPP
ProjectManager.functionlistsort=1-MX_GPIO_Init-GPIO-false-LL-true,2-SystemClock_Config-RCC-false-LL-false,3-MX_ADC1_Init-ADC1-false-HAL-true,4-MX_SPI1_Init-SPI1-false-LL-true,5-MX_TIM1_Init-TIM1-false-HAL-true,6-MX_TIM2_Init-TIM2-false-LL-true,7-MX_USART1_UART_Init-USART1-false-LL-true,8-MX_TIM3_Init-TIM3-false-LL-true
PA9.GPIOParameters=GPIO_Speed,GPIO_Label
PA11.GPIOParameters=GPIO_Speed,GPIO_Label
RCC.ADCFreqValue=4000000
PB0.GPIO_Label=BATTERY_MOTORS
FREERTOS.configTICK_RATE_HZ=100
TIM1.OCFastMode_PWM-PWM\ Generation1\ CH1=TIM_OCFAST_DISABLE
SH.S_TIM1_CH1.ConfNb=1
TIM2.Channel-PWM\ Generation2\ CH2=TIM_CHANNEL_2
USART1.IPParameters=VirtualMode,BaudRate
PB13.GPIO_Label=MOTOR_R2
PB13.Signal=GPIO_Output
PB15.Signal=GPIO_Output
FREERTOS.configUSE_TASK_NOTIFICATIONS=1
PinOutPanel.RotationAngle=0
RCC.SYSCLKSource=RCC_SYSCLKSOURCE_PLLCLK
ProjectManager.StackSize=0x400
PB5.GPIOParameters=GPIO_Label,GPIO_ModeDefaultEXTI
PD1-OSC_OUT.Signal=RCC_OSC_OUT
PA12.GPIO_ModeDefaultOutputPP=GPIO_MODE_OUTPUT_OD
Mcu.IP4=SPI1
TIM1.OC1Preload_PWM=ENABLE
RCC.FCLKCortexFreq_Value=32000000
Mcu.IP5=SYS
Mcu.IP2=NVIC
NVIC.SVCall_IRQn=true\:0\:0\:false\:false\:false\:false\:false\:false
Mcu.IP3=RCC
PA15.GPIO_Label=NRF_CE
Mcu.IP0=ADC1
PA12.Locked=true
Mcu.IP1=FREERTOS
PA12.Signal=GPIO_Output
TIM1.Prescaler=320
Mcu.UserConstants=
Mcu.ThirdPartyNb=0
SPI1.Direction=SPI_DIRECTION_2LINES
RCC.HCLKFreq_Value=32000000
Mcu.IPNb=10
TIM2.IPParameters=Channel-PWM Generation1 CH1,Channel-PWM Generation2 CH2,Prescaler,Period,OCFastMode_PWM-PWM Generation1 CH1,Pulse-PWM Generation1 CH1,OCPolarity_1
ProjectManager.PreviousToolchain=STM32CubeIDE
RCC.APB2TimFreq_Value=32000000
TIM3.Period=0xFFFF-1
PB6.Signal=USART1_TX
PB6.Mode=Asynchronous
SPI1.CalculateBaudRate=500.0 KBits/s
PA8.GPIOParameters=GPIO_Speed,GPIO_Label
FREERTOS.configUSE_MALLOC_FAILED_HOOK=1
Mcu.Pin6=PA5
FREERTOS.configQUEUE_REGISTRY_SIZE=6
Mcu.Pin7=PA6
VP_TIM2_VS_ClockSourceINT.Signal=TIM2_VS_ClockSourceINT
Mcu.Pin8=PA7
RCC.HSICalibrationValue=16
Mcu.Pin9=PB0
FREERTOS.IPParameters=Tasks01,configTICK_RATE_HZ,configMAX_PRIORITIES,configUSE_TASK_NOTIFICATIONS,configTOTAL_HEAP_SIZE,HEAP_NUMBER,configUSE_IDLE_HOOK,configUSE_TIMERS,configTIMER_TASK_PRIORITY,configTIMER_QUEUE_LENGTH,configTIMER_TASK_STACK_DEPTH,INCLUDE_vTaskDelete,INCLUDE_xTaskGetSchedulerState,INCLUDE_xTaskResumeFromISR,INCLUDE_vTaskPrioritySet,INCLUDE_uxTaskPriorityGet,INCLUDE_vTaskSuspend,INCLUDE_vTaskCleanUpResources,MEMORY_ALLOCATION,Timers01,BinarySemaphores01,configUSE_COUNTING_SEMAPHORES,Mutexes01,FootprintOK,configUSE_MALLOC_FAILED_HOOK,configCHECK_FOR_STACK_OVERFLOW,configMAX_CO_ROUTINE_PRIORITIES,configMINIMAL_STACK_SIZE,configMAX_TASK_NAME_LEN,configQUEUE_REGISTRY_SIZE
FREERTOS.configMINIMAL_STACK_SIZE=64
RCC.AHBFreq_Value=32000000
PB13.Locked=true
Mcu.Pin0=PC13-TAMPER-RTC
Mcu.Pin1=PD0-OSC_IN
GPIO.groupedBy=Group By Peripherals
Mcu.Pin2=PD1-OSC_OUT
Mcu.Pin3=PA0-WKUP
Mcu.Pin4=PA1
PA0-WKUP.GPIOParameters=GPIO_Speed,GPIO_Label
Mcu.Pin5=PA4
PA12.PinState=GPIO_PIN_SET
ADC1.Channel-0\#ChannelRegularConversion=ADC_CHANNEL_8
ProjectManager.ProjectBuild=false
NVIC.UsageFault_IRQn=true\:0\:0\:false\:false\:true\:false\:false\:false
FREERTOS.configUSE_TIMERS=1
PA0-WKUP.GPIO_Speed=GPIO_SPEED_FREQ_MEDIUM
NVIC.DebugMonitor_IRQn=true\:0\:0\:false\:false\:false\:false\:false\:false
PA8.Locked=true
PA4.Locked=true
NVIC.SysTick_IRQn=true\:15\:0\:false\:false\:false\:true\:false\:false
RCC.PLLMUL=RCC_PLL_MUL4
PB12.GPIO_Label=MOTOR_R1
ProjectManager.FirmwarePackage=STM32Cube FW_F1 V1.8.0
MxDb.Version=DB.5.0.60
PB0.GPIOParameters=GPIO_Label
PA1.GPIOParameters=GPIO_Speed,GPIO_Label
ProjectManager.BackupPrevious=false
TIM1.Channel-PWM\ Generation1\ CH1=TIM_CHANNEL_1
PA14.Mode=Serial_Wire
TIM1.OC2Preload_PWM=ENABLE
FREERTOS.HEAP_NUMBER=4
TIM3.Prescaler=31
PB1.GPIO_Label=BATTERY_BRAINS
File.Version=6
PA10.GPIO_Label=SONAR_ECHO
SH.ADCx_IN8.0=ADC1_IN8,IN8
PB7.Signal=USART1_RX
PA8.Signal=S_TIM1_CH1
PB8.Locked=true
FREERTOS.INCLUDE_vTaskCleanUpResources=1
TIM2.Channel-PWM\ Generation1\ CH1=TIM_CHANNEL_1
NVIC.PendSV_IRQn=true\:15\:0\:false\:false\:false\:true\:false\:false
VP_FREERTOS_VS_CMSIS_V1.Mode=CMSIS_V1
FREERTOS.configTIMER_TASK_PRIORITY=2
ProjectManager.HalAssertFull=false
PB0.Locked=true
VP_TIM1_VS_ClockSourceINT.Mode=Internal
ADC1.SamplingTime-0\#ChannelRegularConversion=ADC_SAMPLETIME_7CYCLES_5
FREERTOS.configTOTAL_HEAP_SIZE=5120
ProjectManager.ProjectName=DUMRON
RCC.PLLMCOFreq_Value=16000000
Mcu.Package=LQFP48
PB9.Signal=GPIO_Output
TIM2.Prescaler=255
PB1.Signal=ADCx_IN9
PA6.Signal=SPI1_MISO
NVIC.TimeBase=TIM4_IRQn
FREERTOS.INCLUDE_vTaskSuspend=1
ProjectManager.ToolChainLocation=
SH.GPXTI5.ConfNb=1
NVIC.TimeBaseIP=TIM4
PA10.Signal=GPIO_Input
FREERTOS.FootprintOK=true
PA15.Signal=GPIO_Output
PB14.GPIOParameters=GPIO_Speed,GPIO_Label
SH.ADCx_IN9.0=ADC1_IN9,IN9
FREERTOS.INCLUDE_vTaskPrioritySet=0
PB5.GPIO_Label=NRF_IRQ
RCC.APB1TimFreq_Value=32000000
NVIC.BusFault_IRQn=true\:0\:0\:false\:false\:true\:false\:false\:false
SH.ADCx_IN9.ConfNb=1
TIM1.Period=255
FREERTOS.configMAX_TASK_NAME_LEN=12
SPI1.BaudRatePrescaler=SPI_BAUDRATEPRESCALER_64
PA4.GPIO_Label=NRF_CSN
PA8.GPIO_Speed=GPIO_SPEED_FREQ_HIGH
ProjectManager.CustomerFirmwarePackage=
VP_TIM3_VS_ClockSourceINT.Mode=Internal
PA12.GPIO_Speed=GPIO_SPEED_FREQ_MEDIUM
PB15.Locked=true
PA5.Mode=Full_Duplex_Master
PB5.GPIO_ModeDefaultEXTI=GPIO_MODE_IT_FALLING
RCC.PLLSourceVirtual=RCC_PLLSOURCE_HSE
FREERTOS.configTIMER_QUEUE_LENGTH=5
SH.GPXTI5.0=GPIO_EXTI5
ProjectManager.ProjectFileName=DUMRON.ioc
FREERTOS.Tasks01=bld,-2,128,blinkLedTask,Default,NULL,Dynamic,NULL,NULL;uod,-1,128,updateOutData,Default,&data_from_robot,Dynamic,NULL,NULL;chd,-1,128,checkDistance,Default,NULL,Dynamic,NULL,NULL;cht,-2,128,checkTemp,Default,NULL,Dynamic,NULL,NULL;chb,-2,128,checkBatteries,Default,NULL,Dynamic,NULL,NULL;exd,0,128,exchangeDataIO,Default,&data_from_robot,Dynamic,NULL,NULL
PB8.GPIOParameters=GPIO_Label
ADC1.Rank-0\#ChannelRegularConversion=1
PA7.Mode=Full_Duplex_Master
PD1-OSC_OUT.Mode=HSE-External-Oscillator
PB9.GPIO_Label=BUZZER
PA15.GPIOParameters=GPIO_Label
Mcu.PinsNb=33
ProjectManager.NoMain=false
SPI1.IPParameters=VirtualType,Mode,Direction,CalculateBaudRate,BaudRatePrescaler
ADC1.IPParameters=Rank-0\#ChannelRegularConversion,Channel-0\#ChannelRegularConversion,SamplingTime-0\#ChannelRegularConversion,NbrOfConversionFlag,master,NbrOfConversion
PA9.GPIO_Label=MOTOR_LPWM
FREERTOS.configCHECK_FOR_STACK_OVERFLOW=2
PC13-TAMPER-RTC.Signal=GPIO_Output
PA11.GPIO_Label=SONAR_TRIG
ProjectManager.DefaultFWLocation=true
PD0-OSC_IN.Signal=RCC_OSC_IN
PB12.Locked=true
ProjectManager.DeletePrevious=true
PB14.Locked=true
TIM2.OCPolarity_1=TIM_OCPOLARITY_HIGH
SH.S_TIM2_CH1_ETR.ConfNb=1
PA12.GPIO_Label=ONEWIRE
RCC.FamilyName=M
PA0-WKUP.GPIO_Label=SERVO_ARM
PA0-WKUP.Signal=S_TIM2_CH1_ETR
TIM2.Pulse-PWM\ Generation1\ CH1=272
PA0-WKUP.Locked=true
TIM1.OCFastMode_PWM-PWM\ Generation2\ CH2=TIM_OCFAST_DISABLE
PB9.GPIOParameters=GPIO_Label
RCC.ADCPresc=RCC_ADCPCLK2_DIV8
PA13.Signal=SYS_JTMS-SWDIO
FREERTOS.configUSE_IDLE_HOOK=1
VP_FREERTOS_VS_CMSIS_V1.Signal=FREERTOS_VS_CMSIS_V1
FREERTOS.INCLUDE_vTaskDelete=0
PB8.GPIO_Label=LIGHTS
SH.S_TIM2_CH2.0=TIM2_CH2,PWM Generation2 CH2
PA15.Locked=true
PA11.Locked=true
PA8.GPIO_Label=MOTOR_RPWM
SH.S_TIM1_CH1.0=TIM1_CH1,PWM Generation1 CH1
PA4.PinState=GPIO_PIN_SET
FREERTOS.configMAX_PRIORITIES=4
ProjectManager.TargetToolchain=STM32CubeIDE
PB14.GPIO_Speed=GPIO_SPEED_FREQ_MEDIUM
FREERTOS.configTIMER_TASK_STACK_DEPTH=64
PA9.Signal=S_TIM1_CH2
SH.S_TIM2_CH2.ConfNb=1
VP_TIM1_VS_ClockSourceINT.Signal=TIM1_VS_ClockSourceINT
TIM1.Channel-PWM\ Generation2\ CH2=TIM_CHANNEL_2
PB13.GPIO_Speed=GPIO_SPEED_FREQ_MEDIUM
PB5.Locked=true
PB9.Locked=true
PC13-TAMPER-RTC.Locked=true
RCC.USBFreq_Value=32000000
VP_TIM3_VS_ClockSourceINT.Signal=TIM3_VS_ClockSourceINT
PA1.Signal=S_TIM2_CH2
PB12.GPIO_Speed=GPIO_SPEED_FREQ_MEDIUM
PB1.Locked=true
SH.S_TIM1_CH2.ConfNb=1
PD0-OSC_IN.Mode=HSE-External-Oscillator
PB14.Signal=GPIO_Output
PA5.Signal=SPI1_SCK
FREERTOS.MEMORY_ALLOCATION=2
board=custom
ProjectManager.LastFirmware=true
PC13-TAMPER-RTC.GPIO_Label=LED_DEBUG
RCC.VCOOutput2Freq_Value=8000000
VP_SYS_VS_tim4.Signal=SYS_VS_tim4
RCC.APB2Freq_Value=32000000
MxCube.Version=5.6.0
PB15.GPIO_Label=MOTOR_L2
SH.S_TIM1_CH2.0=TIM1_CH2,PWM Generation2 CH2
VP_TIM2_VS_ClockSourceINT.Mode=Internal
SPI1.Mode=SPI_MODE_MASTER
PA1.GPIO_Speed=GPIO_SPEED_FREQ_MEDIUM
PB15.GPIO_Speed=GPIO_SPEED_FREQ_MEDIUM
Mcu.Pin30=VP_TIM1_VS_ClockSourceINT
PA1.GPIO_Label=SERVO_CLAW
PA10.GPIOParameters=GPIO_Label
TIM3.IPParameters=Prescaler,Period
Mcu.Pin31=VP_TIM2_VS_ClockSourceINT
Mcu.Pin32=VP_TIM3_VS_ClockSourceINT
PA9.Locked=true
NVIC.NonMaskableInt_IRQn=true\:0\:0\:false\:false\:true\:false\:false\:false
PA4.GPIOParameters=PinState,GPIO_Label
TIM2.Period=2499
SH.ADCx_IN8.ConfNb=1
FREERTOS.configMAX_CO_ROUTINE_PRIORITIES=1
PB15.GPIOParameters=GPIO_Speed,GPIO_Label
ADC1.NbrOfConversion=1
FREERTOS.INCLUDE_uxTaskPriorityGet=0
PA13.Mode=Serial_Wire
ProjectManager.FreePins=false
RCC.IPParameters=ADCFreqValue,ADCPresc,AHBFreq_Value,APB1Freq_Value,APB1TimFreq_Value,APB2Freq_Value,APB2TimFreq_Value,FCLKCortexFreq_Value,FamilyName,HCLKFreq_Value,HSICalibrationValue,MCOFreq_Value,PLLCLKFreq_Value,PLLMCOFreq_Value,PLLMUL,PLLSourceVirtual,SYSCLKFreq_VALUE,SYSCLKSource,TimSysFreq_Value,USBFreq_Value,VCOOutput2Freq_Value
ProjectManager.AskForMigrate=true
Mcu.Name=STM32F103C(8-B)Tx
FREERTOS.INCLUDE_xTaskResumeFromISR=0
Mcu.Pin26=PB8
Mcu.Pin27=PB9
Mcu.Pin24=PB6
ProjectManager.UnderRoot=true
Mcu.Pin25=PB7
Mcu.IP8=TIM3
Mcu.IP9=USART1
Mcu.Pin28=VP_FREERTOS_VS_CMSIS_V1
Mcu.IP6=TIM1
Mcu.Pin29=VP_SYS_VS_tim4
Mcu.IP7=TIM2
ProjectManager.CoupleFile=true
PA4.Signal=GPIO_Output
RCC.SYSCLKFreq_VALUE=32000000
PB5.Signal=GPXTI5
Mcu.Pin22=PA15
Mcu.Pin23=PB5
RCC.TimSysFreq_Value=32000000
Mcu.Pin20=PA13
ADC1.master=1
Mcu.Pin21=PA14
FREERTOS.configUSE_COUNTING_SEMAPHORES=0
PA10.Locked=true
NVIC.ForceEnableDMAVector=true
KeepUserPlacement=false
NVIC.MemoryManagement_IRQn=true\:0\:0\:true\:false\:true\:false\:false\:false
USART1.VirtualMode=VM_ASYNC
ProjectManager.CompilerOptimize=6
PA11.Signal=GPIO_Output
PB7.Mode=Asynchronous
SH.S_TIM2_CH1_ETR.0=TIM2_CH1,PWM Generation1 CH1
NVIC.EXTI9_5_IRQn=true\:5\:0\:false\:false\:true\:true\:true\:true
PA14.Signal=SYS_JTCK-SWCLK
ProjectManager.HeapSize=0x200
Mcu.Pin15=PA8
NVIC.HardFault_IRQn=true\:0\:0\:false\:false\:true\:false\:false\:false
Mcu.Pin16=PA9
Mcu.Pin13=PB14
Mcu.Pin14=PB15
VP_SYS_VS_tim4.Mode=TIM4
Mcu.Pin19=PA12
ProjectManager.ComputerToolchain=false
Mcu.Pin17=PA10
FREERTOS.Timers01=manipTimer,updateManipulator,osTimerPeriodic,Default,NULL,Dynamic,NULL
Mcu.Pin18=PA11
FREERTOS.Mutexes01=outDataMutex,Dynamic,NULL;inDataMutex,Dynamic,NULL
NVIC.PriorityGroup=NVIC_PRIORITYGROUP_4
ADC1.NbrOfConversionFlag=1
Mcu.Pin11=PB12
Mcu.Pin12=PB13
Mcu.Pin10=PB1
PA9.GPIO_Speed=GPIO_SPEED_FREQ_HIGH
PB8.Signal=GPIO_Output
NVIC.TIM4_IRQn=true\:0\:0\:false\:false\:true\:false\:false\:true
RCC.APB1Freq_Value=32000000
PB0.Signal=ADCx_IN8
ProjectManager.DeviceId=STM32F103C8Tx
PB12.GPIOParameters=GPIO_Speed,GPIO_Label
PB12.Signal=GPIO_Output
ProjectManager.LibraryCopy=1
PB1.GPIOParameters=GPIO_Label
PA7.Signal=SPI1_MOSI
